{
  "nodes": {
    "home-manager": {
      "inputs": {
        "nixpkgs": [
          "nixpkgs"
        ]
      },
      "locked": {
        "lastModified": 1733389730,
        "narHash": "sha256-KZMu4ddMll5khS0rYkJsVD0hVqjMNHlhTM3PCQar0Ag=",
        "owner": "nix-community",
        "repo": "home-manager",
        "rev": "65912bc6841cf420eb8c0a20e03df7cbbff5963f",
        "type": "github"
      },
      "original": {
        "owner": "nix-community",
        "repo": "home-manager",
        "type": "github"
      }
    },
    "nixpkgs": {
      "locked": {
        "lastModified": 1733425592,
        "narHash": "sha256-3tXASzS8YpXMuCWZAIJ4Uaus2YPq9KQH/QNZv3NE4uk=",
        "owner": "nixos",
        "repo": "nixpkgs",
        "rev": "e19e156796ad04a533f9bbaba27f13289783c137",
        "type": "github"
      },
      "original": {
        "owner": "nixos",
        "repo": "nixpkgs",
        "type": "github"
      }
    },
    "pure": {
      "inputs": {
        "home-manager": [
          "home-manager"
        ],
        "nixpkgs": [
          "nixpkgs"
        ]
      },
      "locked": {
        "dir": "pure",
        "lastModified": 1733325532,
        "narHash": "sha256-8fcxfy7eE5PT83bFdLZdpSOcNbgfPwaZ/3YkT2WasuA=",
        "owner": "gabdumal",
        "repo": "flakes",
        "rev": "856299dc474500a31b45192dfc5a64ecf2af3715",
        "type": "github"
      },
      "original": {
        "dir": "pure",
        "owner": "gabdumal",
        "repo": "flakes",
        "type": "github"
      }
    },
    "root": {
      "inputs": {
        "home-manager": "home-manager",
        "nixpkgs": "nixpkgs",
        "pure": "pure"
      }
    }
  },
  "root": "root",
  "version": 7
}
