{
  "nodes": {
    "home-manager": {
      "inputs": {
        "nixpkgs": [
          "nixpkgs"
        ]
      },
      "locked": {
        "lastModified": 1736366465,
        "narHash": "sha256-Fo68EF6p/N9GJyHiAUbXtiE7IJlb3IMjK86LuxFMsRU=",
        "owner": "nix-community",
        "repo": "home-manager",
        "rev": "7e00856596891850ba5ad4c5ecd2ed74468c08c5",
        "type": "github"
      },
      "original": {
        "owner": "nix-community",
        "repo": "home-manager",
        "type": "github"
      }
    },
    "nixpkgs": {
      "locked": {
        "lastModified": 1736344531,
        "narHash": "sha256-8YVQ9ZbSfuUk2bUf2KRj60NRraLPKPS0Q4QFTbc+c2c=",
        "owner": "nixos",
        "repo": "nixpkgs",
        "rev": "bffc22eb12172e6db3c5dde9e3e5628f8e3e7912",
        "type": "github"
      },
      "original": {
        "owner": "nixos",
        "ref": "nixos-unstable",
        "repo": "nixpkgs",
        "type": "github"
      }
    },
    "pure": {
      "inputs": {
        "home-manager": [
          "home-manager"
        ],
        "nixpkgs": [
          "nixpkgs"
        ]
      },
      "locked": {
        "dir": "pure",
        "lastModified": 1736415558,
        "narHash": "sha256-4H//6x5ue0bk+7VuCThh4W282gypTlG9hdnpKWmg0+w=",
        "owner": "gabdumal",
        "repo": "flakes",
        "rev": "07f61b9f0295144b6076666071742e9df75cd5f2",
        "type": "github"
      },
      "original": {
        "dir": "pure",
        "owner": "gabdumal",
        "repo": "flakes",
        "type": "github"
      }
    },
    "root": {
      "inputs": {
        "home-manager": "home-manager",
        "nixpkgs": "nixpkgs",
        "pure": "pure"
      }
    }
  },
  "root": "root",
  "version": 7
}
